
Microsoft Visual Studio Solution File, Format Version 12.00
# Visual Studio Version 17
VisualStudioVersion = 17.12.35707.178 d17.12
MinimumVisualStudioVersion = 10.0.40219.1
Project("{FAE04EC0-301F-11D3-BF4B-00C04F79EFBC}") = "18-03-2025.Server", "18-03-2025.Server\18-03-2025.Server.csproj", "{EE1CB49E-3E8B-4454-A8B4-B56B980A0FEB}"
EndProject
Project("{54A90642-561A-4BB1-A94E-469ADEE60C69}") = "18-03-2025.client", "18-03-2025.client\18-03-2025.client.esproj", "{91CCD70E-D6DD-4C82-9787-7FF33CAFF3B8}"
EndProject
Global
	GlobalSection(SolutionConfigurationPlatforms) = preSolution
		Debug|Any CPU = Debug|Any CPU
		Release|Any CPU = Release|Any CPU
	EndGlobalSection
	GlobalSection(ProjectConfigurationPlatforms) = postSolution
		{EE1CB49E-3E8B-4454-A8B4-B56B980A0FEB}.Debug|Any CPU.ActiveCfg = Debug|Any CPU
		{EE1CB49E-3E8B-4454-A8B4-B56B980A0FEB}.Debug|Any CPU.Build.0 = Debug|Any CPU
		{EE1CB49E-3E8B-4454-A8B4-B56B980A0FEB}.Release|Any CPU.ActiveCfg = Release|Any CPU
		{EE1CB49E-3E8B-4454-A8B4-B56B980A0FEB}.Release|Any CPU.Build.0 = Release|Any CPU
		{91CCD70E-D6DD-4C82-9787-7FF33CAFF3B8}.Debug|Any CPU.ActiveCfg = Debug|Any CPU
		{91CCD70E-D6DD-4C82-9787-7FF33CAFF3B8}.Debug|Any CPU.Build.0 = Debug|Any CPU
		{91CCD70E-D6DD-4C82-9787-7FF33CAFF3B8}.Debug|Any CPU.Deploy.0 = Debug|Any CPU
		{91CCD70E-D6DD-4C82-9787-7FF33CAFF3B8}.Release|Any CPU.ActiveCfg = Release|Any CPU
		{91CCD70E-D6DD-4C82-9787-7FF33CAFF3B8}.Release|Any CPU.Build.0 = Release|Any CPU
		{91CCD70E-D6DD-4C82-9787-7FF33CAFF3B8}.Release|Any CPU.Deploy.0 = Release|Any CPU
	EndGlobalSection
	GlobalSection(SolutionProperties) = preSolution
		HideSolutionNode = FALSE
	EndGlobalSection
EndGlobal
